
Microsoft Visual Studio Solution File, Format Version 12.00
# Visual Studio Version 17
VisualStudioVersion = 17.5.002.0
MinimumVisualStudioVersion = 10.0.40219.1
Project("{2150E333-8FDC-42A3-9474-1A3956D46DE8}") = "Modulo3", "Modulo3", "{85AA9E10-8F17-4ED6-9814-E0908E3E4511}"
EndProject
Project("{9A19103F-16F7-4668-BE54-9A1E7A4F7556}") = "TechMed.WebAPI", "Modulo3\TechMed.WebAPI\TechMed.WebAPI.csproj", "{3EC334AB-4EAE-4CE2-A818-FA46428EAC51}"
EndProject
Global
	GlobalSection(SolutionConfigurationPlatforms) = preSolution
		Debug|Any CPU = Debug|Any CPU
		Release|Any CPU = Release|Any CPU
	EndGlobalSection
	GlobalSection(ProjectConfigurationPlatforms) = postSolution
		{3EC334AB-4EAE-4CE2-A818-FA46428EAC51}.Debug|Any CPU.ActiveCfg = Debug|Any CPU
		{3EC334AB-4EAE-4CE2-A818-FA46428EAC51}.Debug|Any CPU.Build.0 = Debug|Any CPU
		{3EC334AB-4EAE-4CE2-A818-FA46428EAC51}.Release|Any CPU.ActiveCfg = Release|Any CPU
		{3EC334AB-4EAE-4CE2-A818-FA46428EAC51}.Release|Any CPU.Build.0 = Release|Any CPU
	EndGlobalSection
	GlobalSection(SolutionProperties) = preSolution
		HideSolutionNode = FALSE
	EndGlobalSection
	GlobalSection(NestedProjects) = preSolution
		{3EC334AB-4EAE-4CE2-A818-FA46428EAC51} = {85AA9E10-8F17-4ED6-9814-E0908E3E4511}
	EndGlobalSection
	GlobalSection(ExtensibilityGlobals) = postSolution
		SolutionGuid = {E2143A5C-760A-428C-83A4-8C330F3D2EB9}
	EndGlobalSection
EndGlobal
